
Microsoft Visual Studio Solution File, Format Version 12.00
# Visual Studio Version 16
VisualStudioVersion = 16.0.29230.47
MinimumVisualStudioVersion = 10.0.40219.1
Project("{FAE04EC0-301F-11D3-BF4B-00C04F79EFBC}") = "201611145_박민성final", "201611145_박민성final\201611145_박민성final.csproj", "{521B0272-487B-4EF1-8056-180F41EEE287}"
EndProject
Global
	GlobalSection(SolutionConfigurationPlatforms) = preSolution
		Debug|Any CPU = Debug|Any CPU
		Release|Any CPU = Release|Any CPU
	EndGlobalSection
	GlobalSection(ProjectConfigurationPlatforms) = postSolution
		{521B0272-487B-4EF1-8056-180F41EEE287}.Debug|Any CPU.ActiveCfg = Debug|Any CPU
		{521B0272-487B-4EF1-8056-180F41EEE287}.Debug|Any CPU.Build.0 = Debug|Any CPU
		{521B0272-487B-4EF1-8056-180F41EEE287}.Release|Any CPU.ActiveCfg = Release|Any CPU
		{521B0272-487B-4EF1-8056-180F41EEE287}.Release|Any CPU.Build.0 = Release|Any CPU
	EndGlobalSection
	GlobalSection(SolutionProperties) = preSolution
		HideSolutionNode = FALSE
	EndGlobalSection
	GlobalSection(ExtensibilityGlobals) = postSolution
		SolutionGuid = {A1B22A68-B154-46EC-98B5-671451AB03A0}
	EndGlobalSection
EndGlobal
